// !$*UTF8*$!
{
	archiveVersion = 1;
	classes = {
	};
	objectVersion = 55;
	objects = {

/* Begin PBXBuildFile section */
		E219EE4627F4628F007DB507 /* AppDelegate.swift in Sources */ = {isa = PBXBuildFile; fileRef = E219EE4527F4628F007DB507 /* AppDelegate.swift */; };
		E219EE4827F4628F007DB507 /* SceneDelegate.swift in Sources */ = {isa = PBXBuildFile; fileRef = E219EE4727F4628F007DB507 /* SceneDelegate.swift */; };
		E219EE4A27F4628F007DB507 /* ConversationViewController.swift in Sources */ = {isa = PBXBuildFile; fileRef = E219EE4927F4628F007DB507 /* ConversationViewController.swift */; };
		E219EE4D27F4628F007DB507 /* Main.storyboard in Resources */ = {isa = PBXBuildFile; fileRef = E219EE4B27F4628F007DB507 /* Main.storyboard */; };
		E219EE4F27F46291007DB507 /* Assets.xcassets in Resources */ = {isa = PBXBuildFile; fileRef = E219EE4E27F46291007DB507 /* Assets.xcassets */; };
		E219EE5227F46291007DB507 /* LaunchScreen.storyboard in Resources */ = {isa = PBXBuildFile; fileRef = E219EE5027F46291007DB507 /* LaunchScreen.storyboard */; };
		E219EE6027F464C2007DB507 /* LoginViewController.swift in Sources */ = {isa = PBXBuildFile; fileRef = E219EE5F27F464C2007DB507 /* LoginViewController.swift */; };
		E219EE6227F464E9007DB507 /* RegisterViewController.swift in Sources */ = {isa = PBXBuildFile; fileRef = E219EE6127F464E9007DB507 /* RegisterViewController.swift */; };
		E219EE6427F4650B007DB507 /* PhotoViewerViewController.swift in Sources */ = {isa = PBXBuildFile; fileRef = E219EE6327F4650B007DB507 /* PhotoViewerViewController.swift */; };
		E219EE6627F46522007DB507 /* VideoPlayerViewController.swift in Sources */ = {isa = PBXBuildFile; fileRef = E219EE6527F46522007DB507 /* VideoPlayerViewController.swift */; };
		E219EE6827F4653A007DB507 /* ChatViewController.swift in Sources */ = {isa = PBXBuildFile; fileRef = E219EE6727F4653A007DB507 /* ChatViewController.swift */; };
		E219EE6A27F46543007DB507 /* ProfileViewController.swift in Sources */ = {isa = PBXBuildFile; fileRef = E219EE6927F46543007DB507 /* ProfileViewController.swift */; };
/* End PBXBuildFile section */

/* Begin PBXFileReference section */
		E219EE4227F4628F007DB507 /* Messenger.app */ = {isa = PBXFileReference; explicitFileType = wrapper.application; includeInIndex = 0; path = Messenger.app; sourceTree = BUILT_PRODUCTS_DIR; };
		E219EE4527F4628F007DB507 /* AppDelegate.swift */ = {isa = PBXFileReference; lastKnownFileType = sourcecode.swift; path = AppDelegate.swift; sourceTree = "<group>"; };
		E219EE4727F4628F007DB507 /* SceneDelegate.swift */ = {isa = PBXFileReference; lastKnownFileType = sourcecode.swift; path = SceneDelegate.swift; sourceTree = "<group>"; };
		E219EE4927F4628F007DB507 /* ConversationViewController.swift */ = {isa = PBXFileReference; lastKnownFileType = sourcecode.swift; path = ConversationViewController.swift; sourceTree = "<group>"; };
		E219EE4C27F4628F007DB507 /* Base */ = {isa = PBXFileReference; lastKnownFileType = file.storyboard; name = Base; path = Base.lproj/Main.storyboard; sourceTree = "<group>"; };
		E219EE4E27F46291007DB507 /* Assets.xcassets */ = {isa = PBXFileReference; lastKnownFileType = folder.assetcatalog; path = Assets.xcassets; sourceTree = "<group>"; };
		E219EE5127F46291007DB507 /* Base */ = {isa = PBXFileReference; lastKnownFileType = file.storyboard; name = Base; path = Base.lproj/LaunchScreen.storyboard; sourceTree = "<group>"; };
		E219EE5327F46291007DB507 /* Info.plist */ = {isa = PBXFileReference; lastKnownFileType = text.plist.xml; path = Info.plist; sourceTree = "<group>"; };
		E219EE5F27F464C2007DB507 /* LoginViewController.swift */ = {isa = PBXFileReference; lastKnownFileType = sourcecode.swift; path = LoginViewController.swift; sourceTree = "<group>"; };
		E219EE6127F464E9007DB507 /* RegisterViewController.swift */ = {isa = PBXFileReference; lastKnownFileType = sourcecode.swift; path = RegisterViewController.swift; sourceTree = "<group>"; };
		E219EE6327F4650B007DB507 /* PhotoViewerViewController.swift */ = {isa = PBXFileReference; lastKnownFileType = sourcecode.swift; path = PhotoViewerViewController.swift; sourceTree = "<group>"; };
		E219EE6527F46522007DB507 /* VideoPlayerViewController.swift */ = {isa = PBXFileReference; lastKnownFileType = sourcecode.swift; path = VideoPlayerViewController.swift; sourceTree = "<group>"; };
		E219EE6727F4653A007DB507 /* ChatViewController.swift */ = {isa = PBXFileReference; lastKnownFileType = sourcecode.swift; path = ChatViewController.swift; sourceTree = "<group>"; };
		E219EE6927F46543007DB507 /* ProfileViewController.swift */ = {isa = PBXFileReference; lastKnownFileType = sourcecode.swift; path = ProfileViewController.swift; sourceTree = "<group>"; };
/* End PBXFileReference section */

/* Begin PBXFrameworksBuildPhase section */
		E219EE3F27F4628F007DB507 /* Frameworks */ = {
			isa = PBXFrameworksBuildPhase;
			buildActionMask = 2147483647;
			files = (
			);
			runOnlyForDeploymentPostprocessing = 0;
		};
/* End PBXFrameworksBuildPhase section */

/* Begin PBXGroup section */
		E219EE3927F4628F007DB507 = {
			isa = PBXGroup;
			children = (
				E219EE4427F4628F007DB507 /* Messenger */,
				E219EE4327F4628F007DB507 /* Products */,
			);
			sourceTree = "<group>";
		};
		E219EE4327F4628F007DB507 /* Products */ = {
			isa = PBXGroup;
			children = (
				E219EE4227F4628F007DB507 /* Messenger.app */,
			);
			name = Products;
			sourceTree = "<group>";
		};
		E219EE4427F4628F007DB507 /* Messenger */ = {
			isa = PBXGroup;
			children = (
				E219EE5D27F46370007DB507 /* Resources */,
				E219EE5C27F46352007DB507 /* ViewModels */,
				E219EE5B27F46347007DB507 /* Models */,
				E219EE5A27F46342007DB507 /* Views */,
				E219EE5927F46328007DB507 /* Controllers */,
				E219EE5327F46291007DB507 /* Info.plist */,
			);
			path = Messenger;
			sourceTree = "<group>";
		};
		E219EE5927F46328007DB507 /* Controllers */ = {
			isa = PBXGroup;
			children = (
				E219EE4927F4628F007DB507 /* ConversationViewController.swift */,
				E219EE6B27F4657A007DB507 /* Login */,
				E219EE6327F4650B007DB507 /* PhotoViewerViewController.swift */,
				E219EE6527F46522007DB507 /* VideoPlayerViewController.swift */,
				E219EE6727F4653A007DB507 /* ChatViewController.swift */,
				E219EE6927F46543007DB507 /* ProfileViewController.swift */,
			);
			path = Controllers;
			sourceTree = "<group>";
		};
		E219EE5A27F46342007DB507 /* Views */ = {
			isa = PBXGroup;
			children = (
				E219EE5E27F463AA007DB507 /* Storyboards */,
				E219EE4E27F46291007DB507 /* Assets.xcassets */,
			);
			path = Views;
			sourceTree = "<group>";
		};
		E219EE5B27F46347007DB507 /* Models */ = {
			isa = PBXGroup;
			children = (
			);
			path = Models;
			sourceTree = "<group>";
		};
		E219EE5C27F46352007DB507 /* ViewModels */ = {
			isa = PBXGroup;
			children = (
			);
			path = ViewModels;
			sourceTree = "<group>";
		};
		E219EE5D27F46370007DB507 /* Resources */ = {
			isa = PBXGroup;
			children = (
				E219EE4527F4628F007DB507 /* AppDelegate.swift */,
				E219EE4727F4628F007DB507 /* SceneDelegate.swift */,
			);
			path = Resources;
			sourceTree = "<group>";
		};
		E219EE5E27F463AA007DB507 /* Storyboards */ = {
			isa = PBXGroup;
			children = (
				E219EE4B27F4628F007DB507 /* Main.storyboard */,
				E219EE5027F46291007DB507 /* LaunchScreen.storyboard */,
			);
			path = Storyboards;
			sourceTree = "<group>";
		};
		E219EE6B27F4657A007DB507 /* Login */ = {
			isa = PBXGroup;
			children = (
				E219EE5F27F464C2007DB507 /* LoginViewController.swift */,
				E219EE6127F464E9007DB507 /* RegisterViewController.swift */,
			);
			path = Login;
			sourceTree = "<group>";
		};
/* End PBXGroup section */

/* Begin PBXNativeTarget section */
		E219EE4127F4628F007DB507 /* Messenger */ = {
			isa = PBXNativeTarget;
			buildConfigurationList = E219EE5627F46291007DB507 /* Build configuration list for PBXNativeTarget "Messenger" */;
			buildPhases = (
				E219EE3E27F4628F007DB507 /* Sources */,
				E219EE3F27F4628F007DB507 /* Frameworks */,
				E219EE4027F4628F007DB507 /* Resources */,
			);
			buildRules = (
			);
			dependencies = (
			);
			name = Messenger;
			productName = Messenger;
			productReference = E219EE4227F4628F007DB507 /* Messenger.app */;
			productType = "com.apple.product-type.application";
		};
/* End PBXNativeTarget section */

/* Begin PBXProject section */
		E219EE3A27F4628F007DB507 /* Project object */ = {
			isa = PBXProject;
			attributes = {
				BuildIndependentTargetsInParallel = 1;
				LastSwiftUpdateCheck = 1330;
				LastUpgradeCheck = 1330;
				TargetAttributes = {
					E219EE4127F4628F007DB507 = {
						CreatedOnToolsVersion = 13.3;
					};
				};
			};
			buildConfigurationList = E219EE3D27F4628F007DB507 /* Build configuration list for PBXProject "Messenger" */;
			compatibilityVersion = "Xcode 13.0";
			developmentRegion = en;
			hasScannedForEncodings = 0;
			knownRegions = (
				en,
				Base,
			);
			mainGroup = E219EE3927F4628F007DB507;
			productRefGroup = E219EE4327F4628F007DB507 /* Products */;
			projectDirPath = "";
			projectRoot = "";
			targets = (
				E219EE4127F4628F007DB507 /* Messenger */,
			);
		};
/* End PBXProject section */

/* Begin PBXResourcesBuildPhase section */
		E219EE4027F4628F007DB507 /* Resources */ = {
			isa = PBXResourcesBuildPhase;
			buildActionMask = 2147483647;
			files = (
				E219EE5227F46291007DB507 /* LaunchScreen.storyboard in Resources */,
				E219EE4F27F46291007DB507 /* Assets.xcassets in Resources */,
				E219EE4D27F4628F007DB507 /* Main.storyboard in Resources */,
			);
			runOnlyForDeploymentPostprocessing = 0;
		};
/* End PBXResourcesBuildPhase section */

/* Begin PBXSourcesBuildPhase section */
		E219EE3E27F4628F007DB507 /* Sources */ = {
			isa = PBXSourcesBuildPhase;
			buildActionMask = 2147483647;
			files = (
				E219EE6027F464C2007DB507 /* LoginViewController.swift in Sources */,
				E219EE6227F464E9007DB507 /* RegisterViewController.swift in Sources */,
				E219EE6827F4653A007DB507 /* ChatViewController.swift in Sources */,
				E219EE4A27F4628F007DB507 /* ConversationViewController.swift in Sources */,
				E219EE6627F46522007DB507 /* VideoPlayerViewController.swift in Sources */,
				E219EE4627F4628F007DB507 /* AppDelegate.swift in Sources */,
				E219EE6A27F46543007DB507 /* ProfileViewController.swift in Sources */,
				E219EE4827F4628F007DB507 /* SceneDelegate.swift in Sources */,
				E219EE6427F4650B007DB507 /* PhotoViewerViewController.swift in Sources */,
			);
			runOnlyForDeploymentPostprocessing = 0;
		};
/* End PBXSourcesBuildPhase section */

/* Begin PBXVariantGroup section */
		E219EE4B27F4628F007DB507 /* Main.storyboard */ = {
			isa = PBXVariantGroup;
			children = (
				E219EE4C27F4628F007DB507 /* Base */,
			);
			name = Main.storyboard;
			sourceTree = "<group>";
		};
		E219EE5027F46291007DB507 /* LaunchScreen.storyboard */ = {
			isa = PBXVariantGroup;
			children = (
				E219EE5127F46291007DB507 /* Base */,
			);
			name = LaunchScreen.storyboard;
			sourceTree = "<group>";
		};
/* End PBXVariantGroup section */

/* Begin XCBuildConfiguration section */
		E219EE5427F46291007DB507 /* Debug */ = {
			isa = XCBuildConfiguration;
			buildSettings = {
				ALWAYS_SEARCH_USER_PATHS = NO;
				CLANG_ANALYZER_NONNULL = YES;
				CLANG_ANALYZER_NUMBER_OBJECT_CONVERSION = YES_AGGRESSIVE;
				CLANG_CXX_LANGUAGE_STANDARD = "gnu++17";
				CLANG_ENABLE_MODULES = YES;
				CLANG_ENABLE_OBJC_ARC = YES;
				CLANG_ENABLE_OBJC_WEAK = YES;
				CLANG_WARN_BLOCK_CAPTURE_AUTORELEASING = YES;
				CLANG_WARN_BOOL_CONVERSION = YES;
				CLANG_WARN_COMMA = YES;
				CLANG_WARN_CONSTANT_CONVERSION = YES;
				CLANG_WARN_DEPRECATED_OBJC_IMPLEMENTATIONS = YES;
				CLANG_WARN_DIRECT_OBJC_ISA_USAGE = YES_ERROR;
				CLANG_WARN_DOCUMENTATION_COMMENTS = YES;
				CLANG_WARN_EMPTY_BODY = YES;
				CLANG_WARN_ENUM_CONVERSION = YES;
				CLANG_WARN_INFINITE_RECURSION = YES;
				CLANG_WARN_INT_CONVERSION = YES;
				CLANG_WARN_NON_LITERAL_NULL_CONVERSION = YES;
				CLANG_WARN_OBJC_IMPLICIT_RETAIN_SELF = YES;
				CLANG_WARN_OBJC_LITERAL_CONVERSION = YES;
				CLANG_WARN_OBJC_ROOT_CLASS = YES_ERROR;
				CLANG_WARN_QUOTED_INCLUDE_IN_FRAMEWORK_HEADER = YES;
				CLANG_WARN_RANGE_LOOP_ANALYSIS = YES;
				CLANG_WARN_STRICT_PROTOTYPES = YES;
				CLANG_WARN_SUSPICIOUS_MOVE = YES;
				CLANG_WARN_UNGUARDED_AVAILABILITY = YES_AGGRESSIVE;
				CLANG_WARN_UNREACHABLE_CODE = YES;
				CLANG_WARN__DUPLICATE_METHOD_MATCH = YES;
				COPY_PHASE_STRIP = NO;
				DEBUG_INFORMATION_FORMAT = dwarf;
				ENABLE_STRICT_OBJC_MSGSEND = YES;
				ENABLE_TESTABILITY = YES;
				GCC_C_LANGUAGE_STANDARD = gnu11;
				GCC_DYNAMIC_NO_PIC = NO;
				GCC_NO_COMMON_BLOCKS = YES;
				GCC_OPTIMIZATION_LEVEL = 0;
				GCC_PREPROCESSOR_DEFINITIONS = (
					"DEBUG=1",
					"$(inherited)",
				);
				GCC_WARN_64_TO_32_BIT_CONVERSION = YES;
				GCC_WARN_ABOUT_RETURN_TYPE = YES_ERROR;
				GCC_WARN_UNDECLARED_SELECTOR = YES;
				GCC_WARN_UNINITIALIZED_AUTOS = YES_AGGRESSIVE;
				GCC_WARN_UNUSED_FUNCTION = YES;
				GCC_WARN_UNUSED_VARIABLE = YES;
				IPHONEOS_DEPLOYMENT_TARGET = 15.4;
				MTL_ENABLE_DEBUG_INFO = INCLUDE_SOURCE;
				MTL_FAST_MATH = YES;
				ONLY_ACTIVE_ARCH = YES;
				SDKROOT = iphoneos;
				SWIFT_ACTIVE_COMPILATION_CONDITIONS = DEBUG;
				SWIFT_OPTIMIZATION_LEVEL = "-Onone";
			};
			name = Debug;
		};
		E219EE5527F46291007DB507 /* Release */ = {
			isa = XCBuildConfiguration;
			buildSettings = {
				ALWAYS_SEARCH_USER_PATHS = NO;
				CLANG_ANALYZER_NONNULL = YES;
				CLANG_ANALYZER_NUMBER_OBJECT_CONVERSION = YES_AGGRESSIVE;
				CLANG_CXX_LANGUAGE_STANDARD = "gnu++17";
				CLANG_ENABLE_MODULES = YES;
				CLANG_ENABLE_OBJC_ARC = YES;
				CLANG_ENABLE_OBJC_WEAK = YES;
				CLANG_WARN_BLOCK_CAPTURE_AUTORELEASING = YES;
				CLANG_WARN_BOOL_CONVERSION = YES;
				CLANG_WARN_COMMA = YES;
				CLANG_WARN_CONSTANT_CONVERSION = YES;
				CLANG_WARN_DEPRECATED_OBJC_IMPLEMENTATIONS = YES;
				CLANG_WARN_DIRECT_OBJC_ISA_USAGE = YES_ERROR;
				CLANG_WARN_DOCUMENTATION_COMMENTS = YES;
				CLANG_WARN_EMPTY_BODY = YES;
				CLANG_WARN_ENUM_CONVERSION = YES;
				CLANG_WARN_INFINITE_RECURSION = YES;
				CLANG_WARN_INT_CONVERSION = YES;
				CLANG_WARN_NON_LITERAL_NULL_CONVERSION = YES;
				CLANG_WARN_OBJC_IMPLICIT_RETAIN_SELF = YES;
				CLANG_WARN_OBJC_LITERAL_CONVERSION = YES;
				CLANG_WARN_OBJC_ROOT_CLASS = YES_ERROR;
				CLANG_WARN_QUOTED_INCLUDE_IN_FRAMEWORK_HEADER = YES;
				CLANG_WARN_RANGE_LOOP_ANALYSIS = YES;
				CLANG_WARN_STRICT_PROTOTYPES = YES;
				CLANG_WARN_SUSPICIOUS_MOVE = YES;
				CLANG_WARN_UNGUARDED_AVAILABILITY = YES_AGGRESSIVE;
				CLANG_WARN_UNREACHABLE_CODE = YES;
				CLANG_WARN__DUPLICATE_METHOD_MATCH = YES;
				COPY_PHASE_STRIP = NO;
				DEBUG_INFORMATION_FORMAT = "dwarf-with-dsym";
				ENABLE_NS_ASSERTIONS = NO;
				ENABLE_STRICT_OBJC_MSGSEND = YES;
				GCC_C_LANGUAGE_STANDARD = gnu11;
				GCC_NO_COMMON_BLOCKS = YES;
				GCC_WARN_64_TO_32_BIT_CONVERSION = YES;
				GCC_WARN_ABOUT_RETURN_TYPE = YES_ERROR;
				GCC_WARN_UNDECLARED_SELECTOR = YES;
				GCC_WARN_UNINITIALIZED_AUTOS = YES_AGGRESSIVE;
				GCC_WARN_UNUSED_FUNCTION = YES;
				GCC_WARN_UNUSED_VARIABLE = YES;
				IPHONEOS_DEPLOYMENT_TARGET = 15.4;
				MTL_ENABLE_DEBUG_INFO = NO;
				MTL_FAST_MATH = YES;
				SDKROOT = iphoneos;
				SWIFT_COMPILATION_MODE = wholemodule;
				SWIFT_OPTIMIZATION_LEVEL = "-O";
				VALIDATE_PRODUCT = YES;
			};
			name = Release;
		};
		E219EE5727F46291007DB507 /* Debug */ = {
			isa = XCBuildConfiguration;
			buildSettings = {
				ASSETCATALOG_COMPILER_APPICON_NAME = AppIcon;
				ASSETCATALOG_COMPILER_GLOBAL_ACCENT_COLOR_NAME = AccentColor;
				CODE_SIGN_STYLE = Automatic;
				CURRENT_PROJECT_VERSION = 1;
				DEVELOPMENT_TEAM = 32Y2DSLDNH;
				GENERATE_INFOPLIST_FILE = YES;
				INFOPLIST_FILE = Messenger/Info.plist;
				INFOPLIST_KEY_UIApplicationSupportsIndirectInputEvents = YES;
				INFOPLIST_KEY_UILaunchStoryboardName = LaunchScreen;
				INFOPLIST_KEY_UIMainStoryboardFile = Main;
				INFOPLIST_KEY_UISupportedInterfaceOrientations = UIInterfaceOrientationPortrait;
				INFOPLIST_KEY_UISupportedInterfaceOrientations_iPad = "UIInterfaceOrientationPortrait UIInterfaceOrientationPortraitUpsideDown UIInterfaceOrientationLandscapeLeft UIInterfaceOrientationLandscapeRight";
				INFOPLIST_KEY_UISupportedInterfaceOrientations_iPhone = "UIInterfaceOrientationPortrait UIInterfaceOrientationLandscapeLeft UIInterfaceOrientationLandscapeRight";
				IPHONEOS_DEPLOYMENT_TARGET = 13.5;
				LD_RUNPATH_SEARCH_PATHS = (
					"$(inherited)",
					"@executable_path/Frameworks",
				);
				MARKETING_VERSION = 1.0;
				PRODUCT_BUNDLE_IDENTIFIER = com.malchikTV.Messenger;
				PRODUCT_NAME = "$(TARGET_NAME)";
				SWIFT_EMIT_LOC_STRINGS = YES;
				SWIFT_VERSION = 5.0;
				TARGETED_DEVICE_FAMILY = "1,2";
			};
			name = Debug;
		};
		E219EE5827F46291007DB507 /* Release */ = {
			isa = XCBuildConfiguration;
			buildSettings = {
				ASSETCATALOG_COMPILER_APPICON_NAME = AppIcon;
				ASSETCATALOG_COMPILER_GLOBAL_ACCENT_COLOR_NAME = AccentColor;
				CODE_SIGN_STYLE = Automatic;
				CURRENT_PROJECT_VERSION = 1;
				DEVELOPMENT_TEAM = 32Y2DSLDNH;
				GENERATE_INFOPLIST_FILE = YES;
				INFOPLIST_FILE = Messenger/Info.plist;
				INFOPLIST_KEY_UIApplicationSupportsIndirectInputEvents = YES;
				INFOPLIST_KEY_UILaunchStoryboardName = LaunchScreen;
				INFOPLIST_KEY_UIMainStoryboardFile = Main;
				INFOPLIST_KEY_UISupportedInterfaceOrientations = UIInterfaceOrientationPortrait;
				INFOPLIST_KEY_UISupportedInterfaceOrientations_iPad = "UIInterfaceOrientationPortrait UIInterfaceOrientationPortraitUpsideDown UIInterfaceOrientationLandscapeLeft UIInterfaceOrientationLandscapeRight";
				INFOPLIST_KEY_UISupportedInterfaceOrientations_iPhone = "UIInterfaceOrientationPortrait UIInterfaceOrientationLandscapeLeft UIInterfaceOrientationLandscapeRight";
				IPHONEOS_DEPLOYMENT_TARGET = 13.5;
				LD_RUNPATH_SEARCH_PATHS = (
					"$(inherited)",
					"@executable_path/Frameworks",
				);
				MARKETING_VERSION = 1.0;
				PRODUCT_BUNDLE_IDENTIFIER = com.malchikTV.Messenger;
				PRODUCT_NAME = "$(TARGET_NAME)";
				SWIFT_EMIT_LOC_STRINGS = YES;
				SWIFT_VERSION = 5.0;
				TARGETED_DEVICE_FAMILY = "1,2";
			};
			name = Release;
		};
/* End XCBuildConfiguration section */

/* Begin XCConfigurationList section */
		E219EE3D27F4628F007DB507 /* Build configuration list for PBXProject "Messenger" */ = {
			isa = XCConfigurationList;
			buildConfigurations = (
				E219EE5427F46291007DB507 /* Debug */,
				E219EE5527F46291007DB507 /* Release */,
			);
			defaultConfigurationIsVisible = 0;
			defaultConfigurationName = Release;
		};
		E219EE5627F46291007DB507 /* Build configuration list for PBXNativeTarget "Messenger" */ = {
			isa = XCConfigurationList;
			buildConfigurations = (
				E219EE5727F46291007DB507 /* Debug */,
				E219EE5827F46291007DB507 /* Release */,
			);
			defaultConfigurationIsVisible = 0;
			defaultConfigurationName = Release;
		};
/* End XCConfigurationList section */
	};
	rootObject = E219EE3A27F4628F007DB507 /* Project object */;
}
